
Microsoft Visual Studio Solution File, Format Version 12.00
# Visual Studio Version 17
VisualStudioVersion = 17.6.33723.286
MinimumVisualStudioVersion = 10.0.40219.1
Project("{FAE04EC0-301F-11D3-BF4B-00C04F79EFBC}") = "PokerMath", "PokerMath.csproj", "{904FDA63-DC33-4430-BFD7-846C219BFD0D}"
EndProject
Global
	GlobalSection(SolutionConfigurationPlatforms) = preSolution
		Debug|Any CPU = Debug|Any CPU
		Release|Any CPU = Release|Any CPU
	EndGlobalSection
	GlobalSection(ProjectConfigurationPlatforms) = postSolution
		{904FDA63-DC33-4430-BFD7-846C219BFD0D}.Debug|Any CPU.ActiveCfg = Debug|Any CPU
		{904FDA63-DC33-4430-BFD7-846C219BFD0D}.Debug|Any CPU.Build.0 = Debug|Any CPU
		{904FDA63-DC33-4430-BFD7-846C219BFD0D}.Release|Any CPU.ActiveCfg = Release|Any CPU
		{904FDA63-DC33-4430-BFD7-846C219BFD0D}.Release|Any CPU.Build.0 = Release|Any CPU
	EndGlobalSection
	GlobalSection(SolutionProperties) = preSolution
		HideSolutionNode = FALSE
	EndGlobalSection
	GlobalSection(ExtensibilityGlobals) = postSolution
		SolutionGuid = {B688F649-7E46-4064-BA5E-71CBC1CAEADE}
	EndGlobalSection
EndGlobal
